
Microsoft Visual Studio Solution File, Format Version 12.00
# Visual Studio 2013
VisualStudioVersion = 12.0.31101.0
MinimumVisualStudioVersion = 10.0.40219.1
Project("{FAE04EC0-301F-11D3-BF4B-00C04F79EFBC}") = "DAL", "DAL\DAL.csproj", "{45395E47-C1F1-4A68-A5D2-85C55E1616ED}"
EndProject
Project("{FAE04EC0-301F-11D3-BF4B-00C04F79EFBC}") = "ViewEmployees", "ViewEmployees\ViewEmployees.csproj", "{4A4946DB-AEB1-49C9-877B-66F0E7990DA2}"
	ProjectSection(ProjectDependencies) = postProject
		{C1A4A6E7-1019-4F2C-BA38-B6EDBDC50481} = {C1A4A6E7-1019-4F2C-BA38-B6EDBDC50481}
	EndProjectSection
EndProject
Project("{FAE04EC0-301F-11D3-BF4B-00C04F79EFBC}") = "ExternalAPI", "ExternalAPI\ExternalAPI.csproj", "{C1A4A6E7-1019-4F2C-BA38-B6EDBDC50481}"
EndProject
Project("{E24C65DC-7377-472B-9ABA-BC803B73C61A}") = "WebSite_eoh_test(1)", "http://localhost:19503", "{1BB41DFF-6236-4BD7-9B82-D735FAA72E4B}"
	ProjectSection(WebsiteProperties) = preProject
		UseIISExpress = "true"
		TargetFrameworkMoniker = ".NETFramework,Version%3Dv4.5"
		ProjectReferences = "{45395e47-c1f1-4a68-a5d2-85c55e1616ed}|DAL.dll;"
		Debug.AspNetCompiler.VirtualPath = "/localhost_19503"
		Debug.AspNetCompiler.PhysicalPath = "WebSite_eoh_test\"
		Debug.AspNetCompiler.TargetPath = "PrecompiledWeb\localhost_19503\"
		Debug.AspNetCompiler.Updateable = "true"
		Debug.AspNetCompiler.ForceOverwrite = "true"
		Debug.AspNetCompiler.FixedNames = "false"
		Debug.AspNetCompiler.Debug = "True"
		Release.AspNetCompiler.VirtualPath = "/localhost_19503"
		Release.AspNetCompiler.PhysicalPath = "WebSite_eoh_test\"
		Release.AspNetCompiler.TargetPath = "PrecompiledWeb\localhost_19503\"
		Release.AspNetCompiler.Updateable = "true"
		Release.AspNetCompiler.ForceOverwrite = "true"
		Release.AspNetCompiler.FixedNames = "false"
		Release.AspNetCompiler.Debug = "False"
		SlnRelativePath = "WebSite_eoh_test\"
	EndProjectSection
EndProject
Global
	GlobalSection(SolutionConfigurationPlatforms) = preSolution
		Debug|Any CPU = Debug|Any CPU
		Release|Any CPU = Release|Any CPU
	EndGlobalSection
	GlobalSection(ProjectConfigurationPlatforms) = postSolution
		{45395E47-C1F1-4A68-A5D2-85C55E1616ED}.Debug|Any CPU.ActiveCfg = Debug|Any CPU
		{45395E47-C1F1-4A68-A5D2-85C55E1616ED}.Debug|Any CPU.Build.0 = Debug|Any CPU
		{45395E47-C1F1-4A68-A5D2-85C55E1616ED}.Release|Any CPU.ActiveCfg = Release|Any CPU
		{45395E47-C1F1-4A68-A5D2-85C55E1616ED}.Release|Any CPU.Build.0 = Release|Any CPU
		{4A4946DB-AEB1-49C9-877B-66F0E7990DA2}.Debug|Any CPU.ActiveCfg = Debug|Any CPU
		{4A4946DB-AEB1-49C9-877B-66F0E7990DA2}.Debug|Any CPU.Build.0 = Debug|Any CPU
		{4A4946DB-AEB1-49C9-877B-66F0E7990DA2}.Release|Any CPU.ActiveCfg = Release|Any CPU
		{4A4946DB-AEB1-49C9-877B-66F0E7990DA2}.Release|Any CPU.Build.0 = Release|Any CPU
		{C1A4A6E7-1019-4F2C-BA38-B6EDBDC50481}.Debug|Any CPU.ActiveCfg = Debug|Any CPU
		{C1A4A6E7-1019-4F2C-BA38-B6EDBDC50481}.Debug|Any CPU.Build.0 = Debug|Any CPU
		{C1A4A6E7-1019-4F2C-BA38-B6EDBDC50481}.Release|Any CPU.ActiveCfg = Release|Any CPU
		{C1A4A6E7-1019-4F2C-BA38-B6EDBDC50481}.Release|Any CPU.Build.0 = Release|Any CPU
		{1BB41DFF-6236-4BD7-9B82-D735FAA72E4B}.Debug|Any CPU.ActiveCfg = Debug|Any CPU
		{1BB41DFF-6236-4BD7-9B82-D735FAA72E4B}.Debug|Any CPU.Build.0 = Debug|Any CPU
		{1BB41DFF-6236-4BD7-9B82-D735FAA72E4B}.Release|Any CPU.ActiveCfg = Debug|Any CPU
		{1BB41DFF-6236-4BD7-9B82-D735FAA72E4B}.Release|Any CPU.Build.0 = Debug|Any CPU
	EndGlobalSection
	GlobalSection(SolutionProperties) = preSolution
		HideSolutionNode = FALSE
	EndGlobalSection
EndGlobal
